
Microsoft Visual Studio Solution File, Format Version 12.00
# Visual Studio Version 16
VisualStudioVersion = 16.0.30907.101
MinimumVisualStudioVersion = 10.0.40219.1
Project("{FAE04EC0-301F-11D3-BF4B-00C04F79EFBC}") = "WIM14", "WIM14\WIM14.csproj", "{795537F7-8955-40AA-AE8B-8956D102D37D}"
EndProject
Global
	GlobalSection(SolutionConfigurationPlatforms) = preSolution
		Debug|Any CPU = Debug|Any CPU
		Release|Any CPU = Release|Any CPU
	EndGlobalSection
	GlobalSection(ProjectConfigurationPlatforms) = postSolution
		{795537F7-8955-40AA-AE8B-8956D102D37D}.Debug|Any CPU.ActiveCfg = Debug|Any CPU
		{795537F7-8955-40AA-AE8B-8956D102D37D}.Debug|Any CPU.Build.0 = Debug|Any CPU
		{795537F7-8955-40AA-AE8B-8956D102D37D}.Release|Any CPU.ActiveCfg = Release|Any CPU
		{795537F7-8955-40AA-AE8B-8956D102D37D}.Release|Any CPU.Build.0 = Release|Any CPU
	EndGlobalSection
	GlobalSection(SolutionProperties) = preSolution
		HideSolutionNode = FALSE
	EndGlobalSection
	GlobalSection(ExtensibilityGlobals) = postSolution
		SolutionGuid = {BC1C4249-F89D-4C72-A259-CB2D69FBC715}
	EndGlobalSection
EndGlobal
